{
  "name": "kelseyWebsite",
  "version": "1.0.0",
  "lockfileVersion": 1,
  "requires": true,
  "dependencies": {
    "angular": {
      "version": "1.4.5",
      "resolved": "https://registry.npmjs.org/angular/-/angular-1.4.5.tgz",
      "integrity": "sha1-OZus1vG/N3QrUHt9jQZyFAYC2zk="
    },
    "angular-ui-bootstrap": {
      "version": "0.13.4",
      "resolved": "https://registry.npmjs.org/angular-ui-bootstrap/-/angular-ui-bootstrap-0.13.4.tgz",
      "integrity": "sha1-2ZgVI7Euy1+RHLC0gp+j5fIO2ew="
    },
    "angular-ui-router": {
      "version": "0.2.15",
      "resolved": "https://registry.npmjs.org/angular-ui-router/-/angular-ui-router-0.2.15.tgz",
      "integrity": "sha1-h7YbqPK86FiVxmeaD5Pwq5dsuuU="
    },
    "bootstrap": {
      "version": "3.3.5",
      "resolved": "https://registry.npmjs.org/bootstrap/-/bootstrap-3.3.5.tgz",
      "integrity": "sha1-F3ereSmbEo2H3OfL2G/cRqxpwLE="
    },
    "express": {
      "version": "4.13.3",
      "resolved": "https://registry.npmjs.org/express/-/express-4.13.3.tgz",
      "integrity": "sha1-3bLx+0UCvzNZjSsDKwN5YMpsgKM=",
      "requires": {
        "accepts": "1.2.13",
        "array-flatten": "1.1.1",
        "content-disposition": "0.5.0",
        "content-type": "1.0.1",
        "cookie": "0.1.3",
        "cookie-signature": "1.0.6",
        "debug": "2.2.0",
        "depd": "1.0.1",
        "escape-html": "1.0.2",
        "etag": "1.7.0",
        "finalhandler": "0.4.0",
        "fresh": "0.3.0",
        "merge-descriptors": "1.0.0",
        "methods": "1.1.1",
        "on-finished": "2.3.0",
        "parseurl": "1.3.0",
        "path-to-regexp": "0.1.7",
        "proxy-addr": "1.0.8",
        "qs": "4.0.0",
        "range-parser": "1.0.2",
        "send": "0.13.0",
        "serve-static": "1.10.0",
        "type-is": "1.6.8",
        "utils-merge": "1.0.0",
        "vary": "1.0.1"
      },
      "dependencies": {
        "accepts": {
          "version": "1.2.13",
          "resolved": "https://registry.npmjs.org/accepts/-/accepts-1.2.13.tgz",
          "integrity": "sha1-5fHzkoxtlf2WVYw27D2dDeSm7Oo=",
          "requires": {
            "mime-types": "2.1.6",
            "negotiator": "0.5.3"
          },
          "dependencies": {
            "mime-types": {
              "version": "2.1.6",
              "resolved": "https://registry.npmjs.org/mime-types/-/mime-types-2.1.6.tgz",
              "integrity": "sha1-lJ+HiEEYZN3HCUig8hxD8p0lZnw=",
              "requires": {
                "mime-db": "1.18.0"
              },
              "dependencies": {
                "mime-db": {
                  "version": "1.18.0",
                  "resolved": "https://registry.npmjs.org/mime-db/-/mime-db-1.18.0.tgz",
                  "integrity": "sha1-UxfigiTAivHUhPYJc904a6jzieA="
                }
              }
            },
            "negotiator": {
              "version": "0.5.3",
              "resolved": "https://registry.npmjs.org/negotiator/-/negotiator-0.5.3.tgz",
              "integrity": "sha1-Jp1cR2gQ7JLtvntsLygxY4T5p+g="
            }
          }
        },
        "array-flatten": {
          "version": "1.1.1",
          "resolved": "https://registry.npmjs.org/array-flatten/-/array-flatten-1.1.1.tgz",
          "integrity": "sha1-ml9pkFGx5wczKPKgCJaLZOopVdI="
        },
        "content-disposition": {
          "version": "0.5.0",
          "resolved": "https://registry.npmjs.org/content-disposition/-/content-disposition-0.5.0.tgz",
          "integrity": "sha1-QoT+auBjCHRjnkToCkGMKTQTXp4="
        },
        "content-type": {
          "version": "1.0.1",
          "resolved": "https://registry.npmjs.org/content-type/-/content-type-1.0.1.tgz",
          "integrity": "sha1-oZ0iRzJ9wDgFDOYit6FU7FnF5gA="
        },
        "cookie": {
          "version": "0.1.3",
          "resolved": "https://registry.npmjs.org/cookie/-/cookie-0.1.3.tgz",
          "integrity": "sha1-5zSlwUF/zkctWu+Cw4HKu2TRpDU="
        },
        "cookie-signature": {
          "version": "1.0.6",
          "resolved": "https://registry.npmjs.org/cookie-signature/-/cookie-signature-1.0.6.tgz",
          "integrity": "sha1-4wOogrNCzD7oylE6eZmXNNqzriw="
        },
        "debug": {
          "version": "2.2.0",
          "resolved": "https://registry.npmjs.org/debug/-/debug-2.2.0.tgz",
          "integrity": "sha1-+HBX6ZWxofauaklgZkE3vFbwOdo=",
          "requires": {
            "ms": "0.7.1"
          },
          "dependencies": {
            "ms": {
              "version": "0.7.1",
              "resolved": "https://registry.npmjs.org/ms/-/ms-0.7.1.tgz",
              "integrity": "sha1-nNE8A62/8ltl7/3nzoZO6VIBcJg="
            }
          }
        },
        "depd": {
          "version": "1.0.1",
          "resolved": "https://registry.npmjs.org/depd/-/depd-1.0.1.tgz",
          "integrity": "sha1-gK7GTJ1tl+ZcwqnKqTwKpqv3Oqo="
        },
        "escape-html": {
          "version": "1.0.2",
          "resolved": "https://registry.npmjs.org/escape-html/-/escape-html-1.0.2.tgz",
          "integrity": "sha1-130y+pjjjC9BroXpJ44ODmuhAiw="
        },
        "etag": {
          "version": "1.7.0",
          "resolved": "https://registry.npmjs.org/etag/-/etag-1.7.0.tgz",
          "integrity": "sha1-A9MLX2fdbmMtKUXTDWZScxo01dg="
        },
        "finalhandler": {
          "version": "0.4.0",
          "resolved": "https://registry.npmjs.org/finalhandler/-/finalhandler-0.4.0.tgz",
          "integrity": "sha1-llpS2ejQXSuFdUhUH7ibU6JJfZs=",
          "requires": {
            "debug": "2.2.0",
            "escape-html": "1.0.2",
            "on-finished": "2.3.0",
            "unpipe": "1.0.0"
          },
          "dependencies": {
            "unpipe": {
              "version": "1.0.0",
              "resolved": "https://registry.npmjs.org/unpipe/-/unpipe-1.0.0.tgz",
              "integrity": "sha1-sr9O6FFKrmFltIF4KdIbLvSZBOw="
            }
          }
        },
        "fresh": {
          "version": "0.3.0",
          "resolved": "https://registry.npmjs.org/fresh/-/fresh-0.3.0.tgz",
          "integrity": "sha1-ZR+DjiJCTnVm3hYdg1jKoZn4PU8="
        },
        "merge-descriptors": {
          "version": "1.0.0",
          "resolved": "https://registry.npmjs.org/merge-descriptors/-/merge-descriptors-1.0.0.tgz",
          "integrity": "sha1-IWnPdTjhsMyH+4jhUC2EdLv3mGQ="
        },
        "methods": {
          "version": "1.1.1",
          "resolved": "https://registry.npmjs.org/methods/-/methods-1.1.1.tgz",
          "integrity": "sha1-F+pjZgZtAMWON1uOx9/QRTyJgio="
        },
        "on-finished": {
          "version": "2.3.0",
          "resolved": "https://registry.npmjs.org/on-finished/-/on-finished-2.3.0.tgz",
          "integrity": "sha1-IPEzZIGwg811M3mSoWlxqi2QaUc=",
          "requires": {
            "ee-first": "1.1.1"
          },
          "dependencies": {
            "ee-first": {
              "version": "1.1.1",
              "resolved": "https://registry.npmjs.org/ee-first/-/ee-first-1.1.1.tgz",
              "integrity": "sha1-WQxhFWsK4vTwJVcyoViyZrxWsh0="
            }
          }
        },
        "parseurl": {
          "version": "1.3.0",
          "resolved": "https://registry.npmjs.org/parseurl/-/parseurl-1.3.0.tgz",
          "integrity": "sha1-tYBG20Ij4UWvp2AJ5hush8wigbM="
        },
        "path-to-regexp": {
          "version": "0.1.7",
          "resolved": "https://registry.npmjs.org/path-to-regexp/-/path-to-regexp-0.1.7.tgz",
          "integrity": "sha1-32BBeABfUi8V60SQ5yR6G/qmf4w="
        },
        "proxy-addr": {
          "version": "1.0.8",
          "resolved": "https://registry.npmjs.org/proxy-addr/-/proxy-addr-1.0.8.tgz",
          "integrity": "sha1-21Tsh4vMEFPVdkZgkhmzcVZ4uv4=",
          "requires": {
            "forwarded": "0.1.0",
            "ipaddr.js": "1.0.1"
          },
          "dependencies": {
            "forwarded": {
              "version": "0.1.0",
              "resolved": "https://registry.npmjs.org/forwarded/-/forwarded-0.1.0.tgz",
              "integrity": "sha1-Ge+YdMSuHCl7zweP3mOgm2aoQ2M="
            },
            "ipaddr.js": {
              "version": "1.0.1",
              "resolved": "https://registry.npmjs.org/ipaddr.js/-/ipaddr.js-1.0.1.tgz",
              "integrity": "sha1-XziAHcc+BAD8cHY4b27VIV+9j5U="
            }
          }
        },
        "qs": {
          "version": "4.0.0",
          "resolved": "https://registry.npmjs.org/qs/-/qs-4.0.0.tgz",
          "integrity": "sha1-wx2bdOwn33XlQ6hseHKO2NRiNgc="
        },
        "range-parser": {
          "version": "1.0.2",
          "resolved": "https://registry.npmjs.org/range-parser/-/range-parser-1.0.2.tgz",
          "integrity": "sha1-BqEqQuUTG6jkV82JIESGfyNE5Uk="
        },
        "send": {
          "version": "0.13.0",
          "resolved": "https://registry.npmjs.org/send/-/send-0.13.0.tgz",
          "integrity": "sha1-UY+SGusFYK7H3KspkLFM9vPM5d4=",
          "requires": {
            "debug": "2.2.0",
            "depd": "1.0.1",
            "destroy": "1.0.3",
            "escape-html": "1.0.2",
            "etag": "1.7.0",
            "fresh": "0.3.0",
            "http-errors": "1.3.1",
            "mime": "1.3.4",
            "ms": "0.7.1",
            "on-finished": "2.3.0",
            "range-parser": "1.0.2",
            "statuses": "1.2.1"
          },
          "dependencies": {
            "destroy": {
              "version": "1.0.3",
              "resolved": "https://registry.npmjs.org/destroy/-/destroy-1.0.3.tgz",
              "integrity": "sha1-tDO0ck5x/YVR2YhRdIUcX8N34sk="
            },
            "http-errors": {
              "version": "1.3.1",
              "resolved": "https://registry.npmjs.org/http-errors/-/http-errors-1.3.1.tgz",
              "integrity": "sha1-GX4izevUGYWF6GlO9nhhl7ke2UI=",
              "requires": {
                "inherits": "2.0.1",
                "statuses": "1.2.1"
              },
              "dependencies": {
                "inherits": {
                  "version": "2.0.1",
                  "resolved": "https://registry.npmjs.org/inherits/-/inherits-2.0.1.tgz",
                  "integrity": "sha1-sX0I0ya0Qj5Wjv9xn5GwscvfafE="
                }
              }
            },
            "mime": {
              "version": "1.3.4",
              "resolved": "https://registry.npmjs.org/mime/-/mime-1.3.4.tgz",
              "integrity": "sha1-EV+eO2s9rylZmDyzjxSaLUDrXVM="
            },
            "ms": {
              "version": "0.7.1",
              "resolved": "https://registry.npmjs.org/ms/-/ms-0.7.1.tgz",
              "integrity": "sha1-nNE8A62/8ltl7/3nzoZO6VIBcJg="
            },
            "statuses": {
              "version": "1.2.1",
              "resolved": "https://registry.npmjs.org/statuses/-/statuses-1.2.1.tgz",
              "integrity": "sha1-3e1FzBglbVHtQK7BQkidXGECbSg="
            }
          }
        },
        "serve-static": {
          "version": "1.10.0",
          "resolved": "https://registry.npmjs.org/serve-static/-/serve-static-1.10.0.tgz",
          "integrity": "sha1-vmMvqmhYIOSkPtPfE3kTXMTzcNc=",
          "requires": {
            "escape-html": "1.0.2",
            "parseurl": "1.3.0",
            "send": "0.13.0"
          }
        },
        "type-is": {
          "version": "1.6.8",
          "resolved": "https://registry.npmjs.org/type-is/-/type-is-1.6.8.tgz",
          "integrity": "sha1-O6yMDIUnVMhVFD4gbUoW6Qi/AxU=",
          "requires": {
            "media-typer": "0.3.0",
            "mime-types": "2.1.6"
          },
          "dependencies": {
            "media-typer": {
              "version": "0.3.0",
              "resolved": "https://registry.npmjs.org/media-typer/-/media-typer-0.3.0.tgz",
              "integrity": "sha1-hxDXrwqmJvj/+hzgAWhUUmMlV0g="
            },
            "mime-types": {
              "version": "2.1.6",
              "resolved": "https://registry.npmjs.org/mime-types/-/mime-types-2.1.6.tgz",
              "integrity": "sha1-lJ+HiEEYZN3HCUig8hxD8p0lZnw=",
              "requires": {
                "mime-db": "1.18.0"
              },
              "dependencies": {
                "mime-db": {
                  "version": "1.18.0",
                  "resolved": "https://registry.npmjs.org/mime-db/-/mime-db-1.18.0.tgz",
                  "integrity": "sha1-UxfigiTAivHUhPYJc904a6jzieA="
                }
              }
            }
          }
        },
        "utils-merge": {
          "version": "1.0.0",
          "resolved": "https://registry.npmjs.org/utils-merge/-/utils-merge-1.0.0.tgz",
          "integrity": "sha1-ApT7kiu5N1FTVBxPcJYjHyh8ivg="
        },
        "vary": {
          "version": "1.0.1",
          "resolved": "https://registry.npmjs.org/vary/-/vary-1.0.1.tgz",
          "integrity": "sha1-meSYFWaihhGN+yuBc1ffeZM3bRA="
        }
      }
    },
    "flat-ui": {
      "version": "2.1.1",
      "resolved": "https://registry.npmjs.org/flat-ui/-/flat-ui-2.1.1.tgz",
      "integrity": "sha1-Fr6JQT/E9EzST038DQTjPE9C4TU="
    },
    "nodemon": {
      "version": "1.4.1",
      "resolved": "https://registry.npmjs.org/nodemon/-/nodemon-1.4.1.tgz",
      "integrity": "sha1-7EDqKOgyYZtr+byTcO3MBilm3ss=",
      "requires": {
        "minimatch": "0.3.0",
        "ps-tree": "0.0.3",
        "touch": "1.0.0",
        "update-notifier": "0.3.2"
      },
      "dependencies": {
        "minimatch": {
          "version": "0.3.0",
          "resolved": "https://registry.npmjs.org/minimatch/-/minimatch-0.3.0.tgz",
          "integrity": "sha1-J12O2qxPG7MyZHIInnlJyDlGmd0=",
          "requires": {
            "lru-cache": "2.6.5",
            "sigmund": "1.0.1"
          },
          "dependencies": {
            "lru-cache": {
              "version": "2.6.5",
              "resolved": "https://registry.npmjs.org/lru-cache/-/lru-cache-2.6.5.tgz",
              "integrity": "sha1-5W1jVBSO3o13B7WNFDIg/QjfD9U="
            },
            "sigmund": {
              "version": "1.0.1",
              "resolved": "https://registry.npmjs.org/sigmund/-/sigmund-1.0.1.tgz",
              "integrity": "sha1-P/IfGYytIXX587eBhT/ZTQ0ZtZA="
            }
          }
        },
        "ps-tree": {
          "version": "0.0.3",
          "resolved": "https://registry.npmjs.org/ps-tree/-/ps-tree-0.0.3.tgz",
          "integrity": "sha1-2/jXUqf+Ivp9WGNWiUmWEOknbdw=",
          "requires": {
            "event-stream": "0.5.3"
          },
          "dependencies": {
            "event-stream": {
              "version": "0.5.3",
              "resolved": "https://registry.npmjs.org/event-stream/-/event-stream-0.5.3.tgz",
              "integrity": "sha1-t3uTCfcQet3+q2PwwOr9jbC9jBw=",
              "requires": {
                "optimist": "0.2.8"
              },
              "dependencies": {
                "optimist": {
                  "version": "0.2.8",
                  "resolved": "https://registry.npmjs.org/optimist/-/optimist-0.2.8.tgz",
                  "integrity": "sha1-6YGrfiaLRXlIWTtVZ0wJmoFcrDE=",
                  "requires": {
                    "wordwrap": "0.0.3"
                  },
                  "dependencies": {
                    "wordwrap": {
                      "version": "0.0.3",
                      "resolved": "https://registry.npmjs.org/wordwrap/-/wordwrap-0.0.3.tgz",
                      "integrity": "sha1-o9XabNXAvAAI03I0u68b7WMFkQc="
                    }
                  }
                }
              }
            }
          }
        },
        "touch": {
          "version": "1.0.0",
          "resolved": "https://registry.npmjs.org/touch/-/touch-1.0.0.tgz",
          "integrity": "sha1-RJy+LbrlqMgDjjDXH6D/RklHxN4=",
          "requires": {
            "nopt": "1.0.10"
          },
          "dependencies": {
            "nopt": {
              "version": "1.0.10",
              "resolved": "https://registry.npmjs.org/nopt/-/nopt-1.0.10.tgz",
              "integrity": "sha1-bd0hvSoxQXuScn3Vhfim83YI6+4=",
              "requires": {
                "abbrev": "1.0.7"
              },
              "dependencies": {
                "abbrev": {
                  "version": "1.0.7",
                  "resolved": "https://registry.npmjs.org/abbrev/-/abbrev-1.0.7.tgz",
                  "integrity": "sha1-W2A1su6dT7XPhZ8Iqb6BsghJGEM="
                }
              }
            }
          }
        },
        "update-notifier": {
          "version": "0.3.2",
          "resolved": "https://registry.npmjs.org/update-notifier/-/update-notifier-0.3.2.tgz",
          "integrity": "sha1-IqhzW6re8zIOLbko9pPaiY3Id3c=",
          "requires": {
            "chalk": "1.1.1",
            "configstore": "0.3.2",
            "is-npm": "1.0.0",
            "latest-version": "1.0.1",
            "semver-diff": "2.0.0",
            "string-length": "1.0.1"
          },
          "dependencies": {
            "chalk": {
              "version": "1.1.1",
              "resolved": "https://registry.npmjs.org/chalk/-/chalk-1.1.1.tgz",
              "integrity": "sha1-UJr7ZwZudJn36zU1x3RFdyri0Bk=",
              "requires": {
                "ansi-styles": "2.1.0",
                "escape-string-regexp": "1.0.3",
                "has-ansi": "2.0.0",
                "strip-ansi": "3.0.0",
                "supports-color": "2.0.0"
              },
              "dependencies": {
                "ansi-styles": {
                  "version": "2.1.0",
                  "resolved": "https://registry.npmjs.org/ansi-styles/-/ansi-styles-2.1.0.tgz",
                  "integrity": "sha1-mQ90cUaSe1Wakyv5KVkWPWDA0OI="
                },
                "escape-string-regexp": {
                  "version": "1.0.3",
                  "resolved": "https://registry.npmjs.org/escape-string-regexp/-/escape-string-regexp-1.0.3.tgz",
                  "integrity": "sha1-ni2LJbwlVcMzZyN1DgPwmcJzW7U="
                },
                "has-ansi": {
                  "version": "2.0.0",
                  "resolved": "https://registry.npmjs.org/has-ansi/-/has-ansi-2.0.0.tgz",
                  "integrity": "sha1-NPUEnOHs3ysGSa8+8k5F7TVBbZE=",
                  "requires": {
                    "ansi-regex": "2.0.0"
                  },
                  "dependencies": {
                    "ansi-regex": {
                      "version": "2.0.0",
                      "resolved": "https://registry.npmjs.org/ansi-regex/-/ansi-regex-2.0.0.tgz",
                      "integrity": "sha1-xQYbbg74qBd15Q9dZhUb9r83EQc="
                    }
                  }
                },
                "strip-ansi": {
                  "version": "3.0.0",
                  "resolved": "https://registry.npmjs.org/strip-ansi/-/strip-ansi-3.0.0.tgz",
                  "integrity": "sha1-dRC2ZVZ8qRTMtdfgcnY6yWi+NyQ=",
                  "requires": {
                    "ansi-regex": "2.0.0"
                  },
                  "dependencies": {
                    "ansi-regex": {
                      "version": "2.0.0",
                      "resolved": "https://registry.npmjs.org/ansi-regex/-/ansi-regex-2.0.0.tgz",
                      "integrity": "sha1-xQYbbg74qBd15Q9dZhUb9r83EQc="
                    }
                  }
                },
                "supports-color": {
                  "version": "2.0.0",
                  "resolved": "https://registry.npmjs.org/supports-color/-/supports-color-2.0.0.tgz",
                  "integrity": "sha1-U10EXOa2Nj+kARcIRimZXp3zJMc="
                }
              }
            },
            "configstore": {
              "version": "0.3.2",
              "resolved": "https://registry.npmjs.org/configstore/-/configstore-0.3.2.tgz",
              "integrity": "sha1-JeTBbDdoq/dcWmW8YXYfSVBVtFk=",
              "requires": {
                "graceful-fs": "3.0.8",
                "js-yaml": "3.4.1",
                "mkdirp": "0.5.1",
                "object-assign": "2.1.1",
                "osenv": "0.1.3",
                "user-home": "1.1.1",
                "uuid": "2.0.1",
                "xdg-basedir": "1.0.1"
              },
              "dependencies": {
                "graceful-fs": {
                  "version": "3.0.8",
                  "resolved": "https://registry.npmjs.org/graceful-fs/-/graceful-fs-3.0.8.tgz",
                  "integrity": "sha1-zoE+cl+oL35hR9UcmlymgnBVHCI="
                },
                "js-yaml": {
                  "version": "3.4.1",
                  "resolved": "https://registry.npmjs.org/js-yaml/-/js-yaml-3.4.1.tgz",
                  "integrity": "sha1-cYOZDGL2RjaeqgRnWy1fHnHWK4s=",
                  "requires": {
                    "argparse": "1.0.2",
                    "esprima": "2.2.0"
                  },
                  "dependencies": {
                    "argparse": {
                      "version": "1.0.2",
                      "resolved": "https://registry.npmjs.org/argparse/-/argparse-1.0.2.tgz",
                      "integrity": "sha1-vPrjkFllbRlz0LnmoadBVLWpoTY=",
                      "requires": {
                        "lodash": "3.10.1",
                        "sprintf-js": "1.0.3"
                      },
                      "dependencies": {
                        "lodash": {
                          "version": "3.10.1",
                          "resolved": "https://registry.npmjs.org/lodash/-/lodash-3.10.1.tgz",
                          "integrity": "sha1-W/Rejkm6QYnhfUgnid/RW9FAt7Y="
                        },
                        "sprintf-js": {
                          "version": "1.0.3",
                          "resolved": "https://registry.npmjs.org/sprintf-js/-/sprintf-js-1.0.3.tgz",
                          "integrity": "sha1-BOaSb2YolTVPPdAVIDYzuFcpfiw="
                        }
                      }
                    },
                    "esprima": {
                      "version": "2.2.0",
                      "resolved": "https://registry.npmjs.org/esprima/-/esprima-2.2.0.tgz",
                      "integrity": "sha1-QpLB1o5Bc9gV+iKQ3Hr8ltgfzYM="
                    }
                  }
                },
                "mkdirp": {
                  "version": "0.5.1",
                  "resolved": "https://registry.npmjs.org/mkdirp/-/mkdirp-0.5.1.tgz",
                  "integrity": "sha1-MAV0OOrGz3+MR2fzhkjWaX11yQM=",
                  "requires": {
                    "minimist": "0.0.8"
                  },
                  "dependencies": {
                    "minimist": {
                      "version": "0.0.8",
                      "resolved": "https://registry.npmjs.org/minimist/-/minimist-0.0.8.tgz",
                      "integrity": "sha1-hX/Kv8M5fSYluCKCYuhqp6ARsF0="
                    }
                  }
                },
                "object-assign": {
                  "version": "2.1.1",
                  "resolved": "https://registry.npmjs.org/object-assign/-/object-assign-2.1.1.tgz",
                  "integrity": "sha1-Q8NuXVaf+OSBbE76i+AtJpZ8GKo="
                },
                "osenv": {
                  "version": "0.1.3",
                  "resolved": "https://registry.npmjs.org/osenv/-/osenv-0.1.3.tgz",
                  "integrity": "sha1-g88FxtZFj8TVrGNi6jJdkvJ1Qhc=",
                  "requires": {
                    "os-homedir": "1.0.1",
                    "os-tmpdir": "1.0.1"
                  },
                  "dependencies": {
                    "os-homedir": {
                      "version": "1.0.1",
                      "resolved": "https://registry.npmjs.org/os-homedir/-/os-homedir-1.0.1.tgz",
                      "integrity": "sha1-DWK99EuRb9O73PLKsZGUj7CU8Ac="
                    },
                    "os-tmpdir": {
                      "version": "1.0.1",
                      "resolved": "https://registry.npmjs.org/os-tmpdir/-/os-tmpdir-1.0.1.tgz",
                      "integrity": "sha1-6bQjoe2vR5iCVi6S7XHXdDoHG24="
                    }
                  }
                },
                "user-home": {
                  "version": "1.1.1",
                  "resolved": "https://registry.npmjs.org/user-home/-/user-home-1.1.1.tgz",
                  "integrity": "sha1-K1viOjK2Onyd640PKNSFcko98ZA="
                },
                "uuid": {
                  "version": "2.0.1",
                  "resolved": "https://registry.npmjs.org/uuid/-/uuid-2.0.1.tgz",
                  "integrity": "sha1-wqMN7bPlNdcsz4LjQ5QaULqFM6w="
                },
                "xdg-basedir": {
                  "version": "1.0.1",
                  "resolved": "https://registry.npmjs.org/xdg-basedir/-/xdg-basedir-1.0.1.tgz",
                  "integrity": "sha1-FP+PY6T9vLBdW27qIrNvMDO58E4=",
                  "requires": {
                    "user-home": "1.1.1"
                  }
                }
              }
            },
            "is-npm": {
              "version": "1.0.0",
              "resolved": "https://registry.npmjs.org/is-npm/-/is-npm-1.0.0.tgz",
              "integrity": "sha1-8vtjpl5JBbQGyGBydloaTceTufQ="
            },
            "latest-version": {
              "version": "1.0.1",
              "resolved": "https://registry.npmjs.org/latest-version/-/latest-version-1.0.1.tgz",
              "integrity": "sha1-cs/Ebj6NG+ZR4eu1Tqn26pbzdLs=",
              "requires": {
                "package-json": "1.2.0"
              },
              "dependencies": {
                "package-json": {
                  "version": "1.2.0",
                  "resolved": "https://registry.npmjs.org/package-json/-/package-json-1.2.0.tgz",
                  "integrity": "sha1-yOysCUInzfdqMWh07QXifMk5oOA=",
                  "requires": {
                    "got": "3.3.1",
                    "registry-url": "3.0.3"
                  },
                  "dependencies": {
                    "got": {
                      "version": "3.3.1",
                      "resolved": "https://registry.npmjs.org/got/-/got-3.3.1.tgz",
                      "integrity": "sha1-5dDtSvVfw+701WAHdp2YGSvLLso=",
                      "requires": {
                        "duplexify": "3.4.2",
                        "infinity-agent": "2.0.3",
                        "is-redirect": "1.0.0",
                        "is-stream": "1.0.1",
                        "lowercase-keys": "1.0.0",
                        "nested-error-stacks": "1.0.1",
                        "object-assign": "3.0.0",
                        "prepend-http": "1.0.3",
                        "read-all-stream": "3.0.1",
                        "timed-out": "2.0.0"
                      },
                      "dependencies": {
                        "duplexify": {
                          "version": "3.4.2",
                          "resolved": "https://registry.npmjs.org/duplexify/-/duplexify-3.4.2.tgz",
                          "integrity": "sha1-caV4rwPg0GPrjxMmr/1eVgAUXhs=",
                          "requires": {
                            "end-of-stream": "1.0.0",
                            "readable-stream": "2.0.2"
                          },
                          "dependencies": {
                            "end-of-stream": {
                              "version": "1.0.0",
                              "resolved": "https://registry.npmjs.org/end-of-stream/-/end-of-stream-1.0.0.tgz",
                              "integrity": "sha1-1FlucCc0qT5A6a+GQxnqvZn/Lw4=",
                              "requires": {
                                "once": "1.3.2"
                              },
                              "dependencies": {
                                "once": {
                                  "version": "1.3.2",
                                  "resolved": "https://registry.npmjs.org/once/-/once-1.3.2.tgz",
                                  "integrity": "sha1-2P7sqTsDnsHc3ud0HJK9rF4oCBs=",
                                  "requires": {
                                    "wrappy": "1.0.1"
                                  },
                                  "dependencies": {
                                    "wrappy": {
                                      "version": "1.0.1",
                                      "resolved": "https://registry.npmjs.org/wrappy/-/wrappy-1.0.1.tgz",
                                      "integrity": "sha1-HmWWmWXMvC20VIxrhKbyxa7dRzk="
                                    }
                                  }
                                }
                              }
                            },
                            "readable-stream": {
                              "version": "2.0.2",
                              "resolved": "https://registry.npmjs.org/readable-stream/-/readable-stream-2.0.2.tgz",
                              "integrity": "sha1-vsgb6ujPRVFovC5bKzH1vPrtmxs=",
                              "requires": {
                                "core-util-is": "1.0.1",
                                "inherits": "2.0.1",
                                "isarray": "0.0.1",
                                "process-nextick-args": "1.0.2",
                                "string_decoder": "0.10.31",
                                "util-deprecate": "1.0.1"
                              },
                              "dependencies": {
                                "core-util-is": {
                                  "version": "1.0.1",
                                  "resolved": "https://registry.npmjs.org/core-util-is/-/core-util-is-1.0.1.tgz",
                                  "integrity": "sha1-awcIWu+aPMrG7lO/nT3wwVIaVTg="
                                },
                                "inherits": {
                                  "version": "2.0.1",
                                  "resolved": "https://registry.npmjs.org/inherits/-/inherits-2.0.1.tgz",
                                  "integrity": "sha1-sX0I0ya0Qj5Wjv9xn5GwscvfafE="
                                },
                                "isarray": {
                                  "version": "0.0.1",
                                  "resolved": "https://registry.npmjs.org/isarray/-/isarray-0.0.1.tgz",
                                  "integrity": "sha1-ihis/Kmo9Bd+Cav8YDiTmwXR7t8="
                                },
                                "process-nextick-args": {
                                  "version": "1.0.2",
                                  "resolved": "https://registry.npmjs.org/process-nextick-args/-/process-nextick-args-1.0.2.tgz",
                                  "integrity": "sha1-i00/xYZmi9W2Vz5zLt8rccHB2Ko="
                                },
                                "string_decoder": {
                                  "version": "0.10.31",
                                  "resolved": "https://registry.npmjs.org/string_decoder/-/string_decoder-0.10.31.tgz",
                                  "integrity": "sha1-YuIDvEF2bGwoyfyEMB2rHFMQ+pQ="
                                },
                                "util-deprecate": {
                                  "version": "1.0.1",
                                  "resolved": "https://registry.npmjs.org/util-deprecate/-/util-deprecate-1.0.1.tgz",
                                  "integrity": "sha1-NVaj0TxMaqeYPX4kJUeBlxmbeIE="
                                }
                              }
                            }
                          }
                        },
                        "infinity-agent": {
                          "version": "2.0.3",
                          "resolved": "https://registry.npmjs.org/infinity-agent/-/infinity-agent-2.0.3.tgz",
                          "integrity": "sha1-ReDi/3qesDCyfWK3SzdEt6esQhY="
                        },
                        "is-redirect": {
                          "version": "1.0.0",
                          "resolved": "https://registry.npmjs.org/is-redirect/-/is-redirect-1.0.0.tgz",
                          "integrity": "sha1-HQPd7VO9jbDzDCbk+V02/HyH3CQ="
                        },
                        "is-stream": {
                          "version": "1.0.1",
                          "resolved": "https://registry.npmjs.org/is-stream/-/is-stream-1.0.1.tgz",
                          "integrity": "sha1-tEzkWx8MPfWD9rXev4Tc+XQ6yLU="
                        },
                        "lowercase-keys": {
                          "version": "1.0.0",
                          "resolved": "https://registry.npmjs.org/lowercase-keys/-/lowercase-keys-1.0.0.tgz",
                          "integrity": "sha1-TjNms55/VFfjXxMkvfb4jQv8cwY="
                        },
                        "nested-error-stacks": {
                          "version": "1.0.1",
                          "resolved": "https://registry.npmjs.org/nested-error-stacks/-/nested-error-stacks-1.0.1.tgz",
                          "integrity": "sha1-17uQ8uZgadH0C51ujappiFujkXM=",
                          "requires": {
                            "inherits": "2.0.1"
                          },
                          "dependencies": {
                            "inherits": {
                              "version": "2.0.1",
                              "resolved": "https://registry.npmjs.org/inherits/-/inherits-2.0.1.tgz",
                              "integrity": "sha1-sX0I0ya0Qj5Wjv9xn5GwscvfafE="
                            }
                          }
                        },
                        "object-assign": {
                          "version": "3.0.0",
                          "resolved": "https://registry.npmjs.org/object-assign/-/object-assign-3.0.0.tgz",
                          "integrity": "sha1-m+3VygiXlJvKR+f/QIBi1Un1h/I="
                        },
                        "prepend-http": {
                          "version": "1.0.3",
                          "resolved": "https://registry.npmjs.org/prepend-http/-/prepend-http-1.0.3.tgz",
                          "integrity": "sha1-TQ0rb5788RkMI5MTJbTzqduoSGk="
                        },
                        "read-all-stream": {
                          "version": "3.0.1",
                          "resolved": "https://registry.npmjs.org/read-all-stream/-/read-all-stream-3.0.1.tgz",
                          "integrity": "sha1-w3Aa7NfJEVFmd1kO7epJaExi+kc=",
                          "requires": {
                            "pinkie-promise": "1.0.0",
                            "readable-stream": "2.0.2"
                          },
                          "dependencies": {
                            "pinkie-promise": {
                              "version": "1.0.0",
                              "resolved": "https://registry.npmjs.org/pinkie-promise/-/pinkie-promise-1.0.0.tgz",
                              "integrity": "sha1-0dpn9UglY7t89X8oauKCLs+/NnA=",
                              "requires": {
                                "pinkie": "1.0.0"
                              },
                              "dependencies": {
                                "pinkie": {
                                  "version": "1.0.0",
                                  "resolved": "https://registry.npmjs.org/pinkie/-/pinkie-1.0.0.tgz",
                                  "integrity": "sha1-Wkfyi6EBXQIBvae/DzWOR77Ix+Q="
                                }
                              }
                            },
                            "readable-stream": {
                              "version": "2.0.2",
                              "resolved": "https://registry.npmjs.org/readable-stream/-/readable-stream-2.0.2.tgz",
                              "integrity": "sha1-vsgb6ujPRVFovC5bKzH1vPrtmxs=",
                              "requires": {
                                "core-util-is": "1.0.1",
                                "inherits": "2.0.1",
                                "isarray": "0.0.1",
                                "process-nextick-args": "1.0.2",
                                "string_decoder": "0.10.31",
                                "util-deprecate": "1.0.1"
                              },
                              "dependencies": {
                                "core-util-is": {
                                  "version": "1.0.1",
                                  "resolved": "https://registry.npmjs.org/core-util-is/-/core-util-is-1.0.1.tgz",
                                  "integrity": "sha1-awcIWu+aPMrG7lO/nT3wwVIaVTg="
                                },
                                "inherits": {
                                  "version": "2.0.1",
                                  "resolved": "https://registry.npmjs.org/inherits/-/inherits-2.0.1.tgz",
                                  "integrity": "sha1-sX0I0ya0Qj5Wjv9xn5GwscvfafE="
                                },
                                "isarray": {
                                  "version": "0.0.1",
                                  "resolved": "https://registry.npmjs.org/isarray/-/isarray-0.0.1.tgz",
                                  "integrity": "sha1-ihis/Kmo9Bd+Cav8YDiTmwXR7t8="
                                },
                                "process-nextick-args": {
                                  "version": "1.0.2",
                                  "resolved": "https://registry.npmjs.org/process-nextick-args/-/process-nextick-args-1.0.2.tgz",
                                  "integrity": "sha1-i00/xYZmi9W2Vz5zLt8rccHB2Ko="
                                },
                                "string_decoder": {
                                  "version": "0.10.31",
                                  "resolved": "https://registry.npmjs.org/string_decoder/-/string_decoder-0.10.31.tgz",
                                  "integrity": "sha1-YuIDvEF2bGwoyfyEMB2rHFMQ+pQ="
                                },
                                "util-deprecate": {
                                  "version": "1.0.1",
                                  "resolved": "https://registry.npmjs.org/util-deprecate/-/util-deprecate-1.0.1.tgz",
                                  "integrity": "sha1-NVaj0TxMaqeYPX4kJUeBlxmbeIE="
                                }
                              }
                            }
                          }
                        },
                        "timed-out": {
                          "version": "2.0.0",
                          "resolved": "https://registry.npmjs.org/timed-out/-/timed-out-2.0.0.tgz",
                          "integrity": "sha1-84sK6B03R9YoAB9B2vxlKs5nHAo="
                        }
                      }
                    },
                    "registry-url": {
                      "version": "3.0.3",
                      "resolved": "https://registry.npmjs.org/registry-url/-/registry-url-3.0.3.tgz",
                      "integrity": "sha1-yfUQLg/ZyfJQUip/GfaGcshMzJY=",
                      "requires": {
                        "rc": "1.1.1"
                      },
                      "dependencies": {
                        "rc": {
                          "version": "1.1.1",
                          "resolved": "https://registry.npmjs.org/rc/-/rc-1.1.1.tgz",
                          "integrity": "sha1-VuFhQp8WFkzX/ZMCy5ZEhmIfQZo=",
                          "requires": {
                            "deep-extend": "0.2.11",
                            "ini": "1.3.4",
                            "minimist": "1.2.0",
                            "strip-json-comments": "0.1.3"
                          },
                          "dependencies": {
                            "deep-extend": {
                              "version": "0.2.11",
                              "resolved": "https://registry.npmjs.org/deep-extend/-/deep-extend-0.2.11.tgz",
                              "integrity": "sha1-eha6aXKRMjQFBhcElLyD9wdv4I8="
                            },
                            "ini": {
                              "version": "1.3.4",
                              "resolved": "https://registry.npmjs.org/ini/-/ini-1.3.4.tgz",
                              "integrity": "sha1-BTfLedr1m1mhpRff9wbIbsA5Fi4="
                            },
                            "minimist": {
                              "version": "1.2.0",
                              "resolved": "https://registry.npmjs.org/minimist/-/minimist-1.2.0.tgz",
                              "integrity": "sha1-o1AIsg9BOD7sH7kU9M1d95omQoQ="
                            },
                            "strip-json-comments": {
                              "version": "0.1.3",
                              "resolved": "https://registry.npmjs.org/strip-json-comments/-/strip-json-comments-0.1.3.tgz",
                              "integrity": "sha1-Fkxk43Coo8wAyeAbU55WmCPw7lQ="
                            }
                          }
                        }
                      }
                    }
                  }
                }
              }
            },
            "semver-diff": {
              "version": "2.0.0",
              "resolved": "https://registry.npmjs.org/semver-diff/-/semver-diff-2.0.0.tgz",
              "integrity": "sha1-1DAk+RqnhDk33BN5ACdmgJ90gNI=",
              "requires": {
                "semver": "4.3.6"
              },
              "dependencies": {
                "semver": {
                  "version": "4.3.6",
                  "resolved": "https://registry.npmjs.org/semver/-/semver-4.3.6.tgz",
                  "integrity": "sha1-MAvG4OhjdPe6YQaLWx7NV/xlMto="
                }
              }
            },
            "string-length": {
              "version": "1.0.1",
              "resolved": "https://registry.npmjs.org/string-length/-/string-length-1.0.1.tgz",
              "integrity": "sha1-VpcPscOFWOnnC3KL894mmsRa36w=",
              "requires": {
                "strip-ansi": "3.0.0"
              },
              "dependencies": {
                "strip-ansi": {
                  "version": "3.0.0",
                  "resolved": "https://registry.npmjs.org/strip-ansi/-/strip-ansi-3.0.0.tgz",
                  "integrity": "sha1-dRC2ZVZ8qRTMtdfgcnY6yWi+NyQ=",
                  "requires": {
                    "ansi-regex": "2.0.0"
                  },
                  "dependencies": {
                    "ansi-regex": {
                      "version": "2.0.0",
                      "resolved": "https://registry.npmjs.org/ansi-regex/-/ansi-regex-2.0.0.tgz",
                      "integrity": "sha1-xQYbbg74qBd15Q9dZhUb9r83EQc="
                    }
                  }
                }
              }
            }
          }
        }
      }
    }
  }
}
